dependencies:
- name: minio
  repository: https://charts.min.io/
  version: 4.0.14
- name: postgresql-ha
  repository: https://charts.bitnami.com/bitnami
  version: 16.3.2
- name: elasticsearch
  repository: https://charts.bitnami.com/bitnami
  version: 19.21.2
- name: opensearch
  repository: https://charts.bitnami.com/bitnami
  version: 1.2.6
- name: execserver
  repository: https://programmfabrik.github.io/fylr-helm
  version: 0.1.84
- name: postgresql
  repository: https://charts.bitnami.com/bitnami
  version: 16.7.27
digest: sha256:96388347cf3f0fda670ed527c24a48a9b6fec5c80c84f46efedd598700330b7c
generated: "2025-10-31T17:24:47.956000689+01:00"
