dependencies:
- name: minio
  repository: https://charts.min.io/
  version: 4.0.14
- name: postgresql-ha
  repository: https://charts.bitnami.com/bitnami
  version: 10.0.1
- name: elasticsearch
  repository: https://charts.bitnami.com/bitnami
  version: 19.5.0
- name: opensearch
  repository: https://charts.bitnami.com/bitnami
  version: 1.2.6
- name: execserver
  repository: https://programmfabrik.github.io/fylr-helm
  version: 0.1.49
- name: postgresql
  repository: https://charts.bitnami.com/bitnami
  version: 12.1.0
digest: sha256:c1e9bb61259515bb3b98b8389ea6afd350eef9f21ce77bdb525e403106b56874
generated: "2024-07-15T09:26:21.526069+01:00"
