dependencies:
- name: minio
  repository: https://charts.min.io/
  version: 4.0.14
- name: postgresql-ha
  repository: https://charts.bitnami.com/bitnami
  version: 12.1.0
- name: elasticsearch
  repository: https://charts.bitnami.com/bitnami
  version: 19.21.2
- name: opensearch
  repository: https://charts.bitnami.com/bitnami
  version: 1.2.6
- name: execserver
  repository: https://programmfabrik.github.io/fylr-helm
  version: 0.1.90
- name: postgresql
  repository: https://charts.bitnami.com/bitnami
  version: 12.1.0
digest: sha256:332827b6c449b5b04979891291de2b3a03df10237041cbeca812ca3a2abb9efd
generated: "2026-03-17T13:38:20.818241601+01:00"
